
Microsoft Visual Studio Solution File, Format Version 12.00
Project("{FAE04EC0-301F-11D3-BF4B-00C04F79EFBC}") = "KnowledgeMinutes", "KnowledgeMinutes\KnowledgeMinutes.csproj", "{883E413F-0BB6-466F-9DF9-67F455213F1B}"
EndProject
Global
	GlobalSection(SolutionConfigurationPlatforms) = preSolution
		Debug|Any CPU = Debug|Any CPU
		Release|Any CPU = Release|Any CPU
	EndGlobalSection
	GlobalSection(ProjectConfigurationPlatforms) = postSolution
		{883E413F-0BB6-466F-9DF9-67F455213F1B}.Debug|Any CPU.ActiveCfg = Debug|Any CPU
		{883E413F-0BB6-466F-9DF9-67F455213F1B}.Debug|Any CPU.Build.0 = Debug|Any CPU
		{883E413F-0BB6-466F-9DF9-67F455213F1B}.Release|Any CPU.ActiveCfg = Release|Any CPU
		{883E413F-0BB6-466F-9DF9-67F455213F1B}.Release|Any CPU.Build.0 = Release|Any CPU
	EndGlobalSection
EndGlobal
